
Microsoft Visual Studio Solution File, Format Version 12.00
# Visual Studio Version 16
VisualStudioVersion = 25.0.1706.7
MinimumVisualStudioVersion = 10.0.40219.1
Project("{FAE04EC0-301F-11D3-BF4B-00C04F79EFBC}") = "API", "API\API.csproj", "{0D5A2571-545A-49F9-A4CE-2A372C381360}"
EndProject
Project("{FAE04EC0-301F-11D3-BF4B-00C04F79EFBC}") = "Infrastructure", "Infrastructure\Infrastructure.csproj", "{CF5DF857-1F9F-4A88-843A-121CF5FF3A42}"
EndProject
Project("{FAE04EC0-301F-11D3-BF4B-00C04F79EFBC}") = "Core", "Core\Core.csproj", "{82BC0008-6428-4345-A114-0497D92A77A0}"
EndProject
Global
	GlobalSection(SolutionConfigurationPlatforms) = preSolution
		Debug|Any CPU = Debug|Any CPU
		Release|Any CPU = Release|Any CPU
	EndGlobalSection
	GlobalSection(ProjectConfigurationPlatforms) = postSolution
		{0D5A2571-545A-49F9-A4CE-2A372C381360}.Debug|Any CPU.ActiveCfg = Debug|Any CPU
		{0D5A2571-545A-49F9-A4CE-2A372C381360}.Debug|Any CPU.Build.0 = Debug|Any CPU
		{0D5A2571-545A-49F9-A4CE-2A372C381360}.Release|Any CPU.ActiveCfg = Release|Any CPU
		{0D5A2571-545A-49F9-A4CE-2A372C381360}.Release|Any CPU.Build.0 = Release|Any CPU
		{CF5DF857-1F9F-4A88-843A-121CF5FF3A42}.Debug|Any CPU.ActiveCfg = Debug|Any CPU
		{CF5DF857-1F9F-4A88-843A-121CF5FF3A42}.Debug|Any CPU.Build.0 = Debug|Any CPU
		{CF5DF857-1F9F-4A88-843A-121CF5FF3A42}.Release|Any CPU.ActiveCfg = Release|Any CPU
		{CF5DF857-1F9F-4A88-843A-121CF5FF3A42}.Release|Any CPU.Build.0 = Release|Any CPU
		{82BC0008-6428-4345-A114-0497D92A77A0}.Debug|Any CPU.ActiveCfg = Debug|Any CPU
		{82BC0008-6428-4345-A114-0497D92A77A0}.Debug|Any CPU.Build.0 = Debug|Any CPU
		{82BC0008-6428-4345-A114-0497D92A77A0}.Release|Any CPU.ActiveCfg = Release|Any CPU
		{82BC0008-6428-4345-A114-0497D92A77A0}.Release|Any CPU.Build.0 = Release|Any CPU
	EndGlobalSection
	GlobalSection(SolutionProperties) = preSolution
		HideSolutionNode = FALSE
	EndGlobalSection
	GlobalSection(ExtensibilityGlobals) = postSolution
		SolutionGuid = {85262639-D17F-4A4B-B5AF-8269A685C8F3}
	EndGlobalSection
EndGlobal
